
Microsoft Visual Studio Solution File, Format Version 12.00
# Visual Studio Version 16
VisualStudioVersion = 16.0.30225.117
MinimumVisualStudioVersion = 10.0.40219.1
Project("{FAE04EC0-301F-11D3-BF4B-00C04F79EFBC}") = "Vucem_EEA", "Vucem_EEA.csproj", "{FB0E7669-FABA-4645-B976-7F447DC8F2B2}"
EndProject
Project("{FAE04EC0-301F-11D3-BF4B-00C04F79EFBC}") = "UserModels", "..\UserModels\UserModels.csproj", "{0F0DA527-1CF6-43EE-BAA0-85E9C01E329B}"
EndProject
Project("{FAE04EC0-301F-11D3-BF4B-00C04F79EFBC}") = "Business_", "..\Business_\Business_.csproj", "{EBD0DF4A-0AB6-43FE-97AF-9C861AB94373}"
EndProject
Global
	GlobalSection(SolutionConfigurationPlatforms) = preSolution
		Debug|Any CPU = Debug|Any CPU
		Release|Any CPU = Release|Any CPU
	EndGlobalSection
	GlobalSection(ProjectConfigurationPlatforms) = postSolution
		{FB0E7669-FABA-4645-B976-7F447DC8F2B2}.Debug|Any CPU.ActiveCfg = Debug|Any CPU
		{FB0E7669-FABA-4645-B976-7F447DC8F2B2}.Debug|Any CPU.Build.0 = Debug|Any CPU
		{FB0E7669-FABA-4645-B976-7F447DC8F2B2}.Release|Any CPU.ActiveCfg = Release|Any CPU
		{FB0E7669-FABA-4645-B976-7F447DC8F2B2}.Release|Any CPU.Build.0 = Release|Any CPU
		{0F0DA527-1CF6-43EE-BAA0-85E9C01E329B}.Debug|Any CPU.ActiveCfg = Debug|Any CPU
		{0F0DA527-1CF6-43EE-BAA0-85E9C01E329B}.Debug|Any CPU.Build.0 = Debug|Any CPU
		{0F0DA527-1CF6-43EE-BAA0-85E9C01E329B}.Release|Any CPU.ActiveCfg = Release|Any CPU
		{0F0DA527-1CF6-43EE-BAA0-85E9C01E329B}.Release|Any CPU.Build.0 = Release|Any CPU
		{EBD0DF4A-0AB6-43FE-97AF-9C861AB94373}.Debug|Any CPU.ActiveCfg = Debug|Any CPU
		{EBD0DF4A-0AB6-43FE-97AF-9C861AB94373}.Debug|Any CPU.Build.0 = Debug|Any CPU
		{EBD0DF4A-0AB6-43FE-97AF-9C861AB94373}.Release|Any CPU.ActiveCfg = Release|Any CPU
		{EBD0DF4A-0AB6-43FE-97AF-9C861AB94373}.Release|Any CPU.Build.0 = Release|Any CPU
	EndGlobalSection
	GlobalSection(SolutionProperties) = preSolution
		HideSolutionNode = FALSE
	EndGlobalSection
	GlobalSection(ExtensibilityGlobals) = postSolution
		SolutionGuid = {E76DCDD0-B8A7-4D54-BC91-F59E300B5A71}
	EndGlobalSection
EndGlobal
